// !$*UTF8*$!
{
	archiveVersion = 1;
	classes = {
	};
	objectVersion = 55;
	objects = {

/* Begin PBXBuildFile section */
		1A4BE6172AD0EC0D009D8957 /* CreatedIncidenciaView.swift in Sources */ = {isa = PBXBuildFile; fileRef = 1A4BE6162AD0EC0D009D8957 /* CreatedIncidenciaView.swift */; };
		1A6A9D082ACB635600A17D23 /* ImagePicker.swift in Sources */ = {isa = PBXBuildFile; fileRef = 1A6A9D072ACB635600A17D23 /* ImagePicker.swift */; };
		1A737B2D2ABD50B6003180A2 /* SideMenuView.swift in Sources */ = {isa = PBXBuildFile; fileRef = 1A737B2C2ABD50B6003180A2 /* SideMenuView.swift */; };
		1A737B692ABD6397003180A2 /* NotificationsView.swift in Sources */ = {isa = PBXBuildFile; fileRef = 1A737B682ABD6397003180A2 /* NotificationsView.swift */; };
		1A737B6F2ABD6747003180A2 /* ColorExtensionsView.swift in Sources */ = {isa = PBXBuildFile; fileRef = 1A737B6E2ABD6747003180A2 /* ColorExtensionsView.swift */; };
		1A737B712ABD6F82003180A2 /* AccountView.swift in Sources */ = {isa = PBXBuildFile; fileRef = 1A737B702ABD6F82003180A2 /* AccountView.swift */; };
		1AEFCE632AC8AEF3001567BF /* FloatingMenu.swift in Sources */ = {isa = PBXBuildFile; fileRef = 1AEFCE622AC8AEF3001567BF /* FloatingMenu.swift */; };
		1AEFCE652AC8B7EA001567BF /* incidentsView.swift in Sources */ = {isa = PBXBuildFile; fileRef = 1AEFCE642AC8B7EA001567BF /* incidentsView.swift */; };
		78B7193F2A9AF21100F3B8F5 /* BAMX_IncidenciasApp.swift in Sources */ = {isa = PBXBuildFile; fileRef = 78B7193E2A9AF21100F3B8F5 /* BAMX_IncidenciasApp.swift */; };
		78B719412A9AF21100F3B8F5 /* AuthentificationView.swift in Sources */ = {isa = PBXBuildFile; fileRef = 78B719402A9AF21100F3B8F5 /* AuthentificationView.swift */; };
		78B719432A9AF21300F3B8F5 /* Assets.xcassets in Resources */ = {isa = PBXBuildFile; fileRef = 78B719422A9AF21300F3B8F5 /* Assets.xcassets */; };
		78B719462A9AF21300F3B8F5 /* Preview Assets.xcassets in Resources */ = {isa = PBXBuildFile; fileRef = 78B719452A9AF21300F3B8F5 /* Preview Assets.xcassets */; };
		78F0F58C2A9BEE3F00D44B7B /* SplashScreenView.swift in Sources */ = {isa = PBXBuildFile; fileRef = 78F0F58B2A9BEE3F00D44B7B /* SplashScreenView.swift */; };
		9B0F56ED2ADF775C0019199D /* GetTicketsModel.swift in Sources */ = {isa = PBXBuildFile; fileRef = 9B0F56EC2ADF775C0019199D /* GetTicketsModel.swift */; };
		BB0736952AA24ADA0037EDA6 /* RegistrationView.swift in Sources */ = {isa = PBXBuildFile; fileRef = BB0736942AA24ADA0037EDA6 /* RegistrationView.swift */; };
		BB0CEB8B2ADE269A0088C6C0 /* PatchRequestsModel.swift in Sources */ = {isa = PBXBuildFile; fileRef = BB0CEB8A2ADE269A0088C6C0 /* PatchRequestsModel.swift */; };
		BB0CEB8D2ADE37670088C6C0 /* SheetView.swift in Sources */ = {isa = PBXBuildFile; fileRef = BB0CEB8C2ADE37670088C6C0 /* SheetView.swift */; };
		BB119B162AAAA72900F0E450 /* LoginViewModel.swift in Sources */ = {isa = PBXBuildFile; fileRef = BB119B152AAAA72900F0E450 /* LoginViewModel.swift */; };
		BB6B7B5D2ADC85E000908B4D /* GetRequestsModel.swift in Sources */ = {isa = PBXBuildFile; fileRef = BB6B7B5C2ADC85E000908B4D /* GetRequestsModel.swift */; };
		BB7425F82AAD5A9D0087090C /* AppHome.swift in Sources */ = {isa = PBXBuildFile; fileRef = BB7425F72AAD5A9D0087090C /* AppHome.swift */; };
		BB781C062ACF701A0089BA07 /* GetEmailModel.swift in Sources */ = {isa = PBXBuildFile; fileRef = BB781C052ACF701A0089BA07 /* GetEmailModel.swift */; };
		BB94CB9F2ABBB9BB008B94A3 /* requestView.swift in Sources */ = {isa = PBXBuildFile; fileRef = BB94CB9E2ABBB9BB008B94A3 /* requestView.swift */; };
		BBD473D42AD7747000C4307A /* UserDetails.swift in Sources */ = {isa = PBXBuildFile; fileRef = BBD473D32AD7747000C4307A /* UserDetails.swift */; };
		BBD473D62AD7772300C4307A /* WebService.swift in Sources */ = {isa = PBXBuildFile; fileRef = BBD473D52AD7772300C4307A /* WebService.swift */; };
		BBD473D82AD785E400C4307A /* GetMeModel.swift in Sources */ = {isa = PBXBuildFile; fileRef = BBD473D72AD785E400C4307A /* GetMeModel.swift */; };
/* End PBXBuildFile section */

/* Begin PBXFileReference section */
		1A4BE6162AD0EC0D009D8957 /* CreatedIncidenciaView.swift */ = {isa = PBXFileReference; lastKnownFileType = sourcecode.swift; path = CreatedIncidenciaView.swift; sourceTree = "<group>"; };
		1A6A9D072ACB635600A17D23 /* ImagePicker.swift */ = {isa = PBXFileReference; lastKnownFileType = sourcecode.swift; path = ImagePicker.swift; sourceTree = "<group>"; };
		1A737B2C2ABD50B6003180A2 /* SideMenuView.swift */ = {isa = PBXFileReference; lastKnownFileType = sourcecode.swift; path = SideMenuView.swift; sourceTree = "<group>"; };
		1A737B682ABD6397003180A2 /* NotificationsView.swift */ = {isa = PBXFileReference; lastKnownFileType = sourcecode.swift; path = NotificationsView.swift; sourceTree = "<group>"; };
		1A737B6E2ABD6747003180A2 /* ColorExtensionsView.swift */ = {isa = PBXFileReference; lastKnownFileType = sourcecode.swift; path = ColorExtensionsView.swift; sourceTree = "<group>"; };
		1A737B702ABD6F82003180A2 /* AccountView.swift */ = {isa = PBXFileReference; lastKnownFileType = sourcecode.swift; path = AccountView.swift; sourceTree = "<group>"; };
		1AEFCE622AC8AEF3001567BF /* FloatingMenu.swift */ = {isa = PBXFileReference; lastKnownFileType = sourcecode.swift; path = FloatingMenu.swift; sourceTree = "<group>"; };
		1AEFCE642AC8B7EA001567BF /* incidentsView.swift */ = {isa = PBXFileReference; lastKnownFileType = sourcecode.swift; path = incidentsView.swift; sourceTree = "<group>"; };
		78B7193B2A9AF21100F3B8F5 /* BAMX Incidencias.app */ = {isa = PBXFileReference; explicitFileType = wrapper.application; includeInIndex = 0; path = "BAMX Incidencias.app"; sourceTree = BUILT_PRODUCTS_DIR; };
		78B7193E2A9AF21100F3B8F5 /* BAMX_IncidenciasApp.swift */ = {isa = PBXFileReference; lastKnownFileType = sourcecode.swift; path = BAMX_IncidenciasApp.swift; sourceTree = "<group>"; };
		78B719402A9AF21100F3B8F5 /* AuthentificationView.swift */ = {isa = PBXFileReference; lastKnownFileType = sourcecode.swift; path = AuthentificationView.swift; sourceTree = "<group>"; };
		78B719422A9AF21300F3B8F5 /* Assets.xcassets */ = {isa = PBXFileReference; lastKnownFileType = folder.assetcatalog; path = Assets.xcassets; sourceTree = "<group>"; };
		78B719452A9AF21300F3B8F5 /* Preview Assets.xcassets */ = {isa = PBXFileReference; lastKnownFileType = folder.assetcatalog; path = "Preview Assets.xcassets"; sourceTree = "<group>"; };
		78F0F58B2A9BEE3F00D44B7B /* SplashScreenView.swift */ = {isa = PBXFileReference; lastKnownFileType = sourcecode.swift; path = SplashScreenView.swift; sourceTree = "<group>"; };
		9B0F56EC2ADF775C0019199D /* GetTicketsModel.swift */ = {isa = PBXFileReference; lastKnownFileType = sourcecode.swift; path = GetTicketsModel.swift; sourceTree = "<group>"; };
		BB0736942AA24ADA0037EDA6 /* RegistrationView.swift */ = {isa = PBXFileReference; lastKnownFileType = sourcecode.swift; path = RegistrationView.swift; sourceTree = "<group>"; };
		BB0CEB8A2ADE269A0088C6C0 /* PatchRequestsModel.swift */ = {isa = PBXFileReference; lastKnownFileType = sourcecode.swift; path = PatchRequestsModel.swift; sourceTree = "<group>"; };
		BB0CEB8C2ADE37670088C6C0 /* SheetView.swift */ = {isa = PBXFileReference; lastKnownFileType = sourcecode.swift; path = SheetView.swift; sourceTree = "<group>"; };
		BB119B152AAAA72900F0E450 /* LoginViewModel.swift */ = {isa = PBXFileReference; lastKnownFileType = sourcecode.swift; path = LoginViewModel.swift; sourceTree = "<group>"; };
		BB6B7B5C2ADC85E000908B4D /* GetRequestsModel.swift */ = {isa = PBXFileReference; lastKnownFileType = sourcecode.swift; path = GetRequestsModel.swift; sourceTree = "<group>"; };
		BB7425F72AAD5A9D0087090C /* AppHome.swift */ = {isa = PBXFileReference; lastKnownFileType = sourcecode.swift; path = AppHome.swift; sourceTree = "<group>"; };
		BB781C052ACF701A0089BA07 /* GetEmailModel.swift */ = {isa = PBXFileReference; lastKnownFileType = sourcecode.swift; path = GetEmailModel.swift; sourceTree = "<group>"; };
		BB94CB9E2ABBB9BB008B94A3 /* requestView.swift */ = {isa = PBXFileReference; lastKnownFileType = sourcecode.swift; path = requestView.swift; sourceTree = "<group>"; };
		BBD473D32AD7747000C4307A /* UserDetails.swift */ = {isa = PBXFileReference; lastKnownFileType = sourcecode.swift; path = UserDetails.swift; sourceTree = "<group>"; };
		BBD473D52AD7772300C4307A /* WebService.swift */ = {isa = PBXFileReference; lastKnownFileType = sourcecode.swift; path = WebService.swift; sourceTree = "<group>"; };
		BBD473D72AD785E400C4307A /* GetMeModel.swift */ = {isa = PBXFileReference; lastKnownFileType = sourcecode.swift; path = GetMeModel.swift; sourceTree = "<group>"; };
/* End PBXFileReference section */

/* Begin PBXFrameworksBuildPhase section */
		78B719382A9AF21100F3B8F5 /* Frameworks */ = {
			isa = PBXFrameworksBuildPhase;
			buildActionMask = 2147483647;
			files = (
			);
			runOnlyForDeploymentPostprocessing = 0;
		};
/* End PBXFrameworksBuildPhase section */

/* Begin PBXGroup section */
		78B719322A9AF21100F3B8F5 = {
			isa = PBXGroup;
			children = (
				78B7193D2A9AF21100F3B8F5 /* BAMX Incidencias */,
				78B7193C2A9AF21100F3B8F5 /* Products */,
			);
			sourceTree = "<group>";
		};
		78B7193C2A9AF21100F3B8F5 /* Products */ = {
			isa = PBXGroup;
			children = (
				78B7193B2A9AF21100F3B8F5 /* BAMX Incidencias.app */,
			);
			name = Products;
			sourceTree = "<group>";
		};
		78B7193D2A9AF21100F3B8F5 /* BAMX Incidencias */ = {
			isa = PBXGroup;
			children = (
				BBD473D22AD7745500C4307A /* Models */,
				BB7425F62AAD5A8B0087090C /* Views */,
				BB0F99182AAAA4F800089C3C /* Extensions */,
				BB0F99172AAAA4E000089C3C /* View Models */,
				BB0F99162AAAA4D600089C3C /* Services */,
				BB0F99152AAAA4C700089C3C /* Models */,
				78B7193E2A9AF21100F3B8F5 /* BAMX_IncidenciasApp.swift */,
				78B719422A9AF21300F3B8F5 /* Assets.xcassets */,
				78B719442A9AF21300F3B8F5 /* Preview Content */,
			);
			path = "BAMX Incidencias";
			sourceTree = "<group>";
		};
		78B719442A9AF21300F3B8F5 /* Preview Content */ = {
			isa = PBXGroup;
			children = (
				78B719452A9AF21300F3B8F5 /* Preview Assets.xcassets */,
			);
			path = "Preview Content";
			sourceTree = "<group>";
		};
		BB0F99152AAAA4C700089C3C /* Models */ = {
			isa = PBXGroup;
			children = (
			);
			path = Models;
			sourceTree = "<group>";
		};
		BB0F99162AAAA4D600089C3C /* Services */ = {
			isa = PBXGroup;
			children = (
				BBD473D52AD7772300C4307A /* WebService.swift */,
			);
			path = Services;
			sourceTree = "<group>";
		};
		BB0F99172AAAA4E000089C3C /* View Models */ = {
			isa = PBXGroup;
			children = (
				BB119B152AAAA72900F0E450 /* LoginViewModel.swift */,
				BBD473D72AD785E400C4307A /* GetMeModel.swift */,
				1A6A9D072ACB635600A17D23 /* ImagePicker.swift */,
				BB781C052ACF701A0089BA07 /* GetEmailModel.swift */,
				BB6B7B5C2ADC85E000908B4D /* GetRequestsModel.swift */,
				BB0CEB8A2ADE269A0088C6C0 /* PatchRequestsModel.swift */,
				9B0F56EC2ADF775C0019199D /* GetTicketsModel.swift */,
			);
			path = "View Models";
			sourceTree = "<group>";
		};
		BB0F99182AAAA4F800089C3C /* Extensions */ = {
			isa = PBXGroup;
			children = (
			);
			path = Extensions;
			sourceTree = "<group>";
		};
		BB7425F62AAD5A8B0087090C /* Views */ = {
			isa = PBXGroup;
			children = (
				78F0F58B2A9BEE3F00D44B7B /* SplashScreenView.swift */,
				BB0736942AA24ADA0037EDA6 /* RegistrationView.swift */,
				78B719402A9AF21100F3B8F5 /* AuthentificationView.swift */,
				BB7425F72AAD5A9D0087090C /* AppHome.swift */,
				1AEFCE642AC8B7EA001567BF /* incidentsView.swift */,
				1A4BE6162AD0EC0D009D8957 /* CreatedIncidenciaView.swift */,
				1AEFCE622AC8AEF3001567BF /* FloatingMenu.swift */,
				1A737B2C2ABD50B6003180A2 /* SideMenuView.swift */,
				1A737B682ABD6397003180A2 /* NotificationsView.swift */,
				1A737B702ABD6F82003180A2 /* AccountView.swift */,
				1A737B6E2ABD6747003180A2 /* ColorExtensionsView.swift */,
				BB94CB9E2ABBB9BB008B94A3 /* requestView.swift */,
				BB0CEB8C2ADE37670088C6C0 /* SheetView.swift */,
			);
			path = Views;
			sourceTree = "<group>";
		};
		BBD473D22AD7745500C4307A /* Models */ = {
			isa = PBXGroup;
			children = (
				BBD473D32AD7747000C4307A /* UserDetails.swift */,
			);
			path = Models;
			sourceTree = "<group>";
		};
/* End PBXGroup section */

/* Begin PBXNativeTarget section */
		78B7193A2A9AF21100F3B8F5 /* BAMX Incidencias */ = {
			isa = PBXNativeTarget;
			buildConfigurationList = 78B719492A9AF21300F3B8F5 /* Build configuration list for PBXNativeTarget "BAMX Incidencias" */;
			buildPhases = (
				78B719372A9AF21100F3B8F5 /* Sources */,
				78B719382A9AF21100F3B8F5 /* Frameworks */,
				78B719392A9AF21100F3B8F5 /* Resources */,
			);
			buildRules = (
			);
			dependencies = (
			);
			name = "BAMX Incidencias";
			productName = "BAMX Incidencias";
			productReference = 78B7193B2A9AF21100F3B8F5 /* BAMX Incidencias.app */;
			productType = "com.apple.product-type.application";
		};
/* End PBXNativeTarget section */

/* Begin PBXProject section */
		78B719332A9AF21100F3B8F5 /* Project object */ = {
			isa = PBXProject;
			attributes = {
				BuildIndependentTargetsInParallel = 1;
				LastSwiftUpdateCheck = 1320;
				LastUpgradeCheck = 1320;
				TargetAttributes = {
					78B7193A2A9AF21100F3B8F5 = {
						CreatedOnToolsVersion = 13.2;
					};
				};
			};
			buildConfigurationList = 78B719362A9AF21100F3B8F5 /* Build configuration list for PBXProject "BAMX Incidencias" */;
			compatibilityVersion = "Xcode 13.0";
			developmentRegion = en;
			hasScannedForEncodings = 0;
			knownRegions = (
				en,
				Base,
			);
			mainGroup = 78B719322A9AF21100F3B8F5;
			productRefGroup = 78B7193C2A9AF21100F3B8F5 /* Products */;
			projectDirPath = "";
			projectRoot = "";
			targets = (
				78B7193A2A9AF21100F3B8F5 /* BAMX Incidencias */,
			);
		};
/* End PBXProject section */

/* Begin PBXResourcesBuildPhase section */
		78B719392A9AF21100F3B8F5 /* Resources */ = {
			isa = PBXResourcesBuildPhase;
			buildActionMask = 2147483647;
			files = (
				78B719462A9AF21300F3B8F5 /* Preview Assets.xcassets in Resources */,
				78B719432A9AF21300F3B8F5 /* Assets.xcassets in Resources */,
			);
			runOnlyForDeploymentPostprocessing = 0;
		};
/* End PBXResourcesBuildPhase section */

/* Begin PBXSourcesBuildPhase section */
		78B719372A9AF21100F3B8F5 /* Sources */ = {
			isa = PBXSourcesBuildPhase;
			buildActionMask = 2147483647;
			files = (
				1A737B692ABD6397003180A2 /* NotificationsView.swift in Sources */,
				1A737B6F2ABD6747003180A2 /* ColorExtensionsView.swift in Sources */,
				BB6B7B5D2ADC85E000908B4D /* GetRequestsModel.swift in Sources */,
				BB94CB9F2ABBB9BB008B94A3 /* requestView.swift in Sources */,
				78B719412A9AF21100F3B8F5 /* AuthentificationView.swift in Sources */,
				1A737B712ABD6F82003180A2 /* AccountView.swift in Sources */,
				78B7193F2A9AF21100F3B8F5 /* BAMX_IncidenciasApp.swift in Sources */,
				BB781C062ACF701A0089BA07 /* GetEmailModel.swift in Sources */,
				1AEFCE632AC8AEF3001567BF /* FloatingMenu.swift in Sources */,
				BB0CEB8B2ADE269A0088C6C0 /* PatchRequestsModel.swift in Sources */,
				1AEFCE652AC8B7EA001567BF /* incidentsView.swift in Sources */,
				78F0F58C2A9BEE3F00D44B7B /* SplashScreenView.swift in Sources */,
				BBD473D62AD7772300C4307A /* WebService.swift in Sources */,
				BBD473D42AD7747000C4307A /* UserDetails.swift in Sources */,
				9B0F56ED2ADF775C0019199D /* GetTicketsModel.swift in Sources */,
				1A737B2D2ABD50B6003180A2 /* SideMenuView.swift in Sources */,
				1A4BE6172AD0EC0D009D8957 /* CreatedIncidenciaView.swift in Sources */,
				BB0CEB8D2ADE37670088C6C0 /* SheetView.swift in Sources */,
				BB119B162AAAA72900F0E450 /* LoginViewModel.swift in Sources */,
				BBD473D82AD785E400C4307A /* GetMeModel.swift in Sources */,
				1A6A9D082ACB635600A17D23 /* ImagePicker.swift in Sources */,
				BB0736952AA24ADA0037EDA6 /* RegistrationView.swift in Sources */,
				BB7425F82AAD5A9D0087090C /* AppHome.swift in Sources */,
			);
			runOnlyForDeploymentPostprocessing = 0;
		};
/* End PBXSourcesBuildPhase section */

/* Begin XCBuildConfiguration section */
		78B719472A9AF21300F3B8F5 /* Debug */ = {
			isa = XCBuildConfiguration;
			buildSettings = {
				ALWAYS_SEARCH_USER_PATHS = NO;
				CLANG_ANALYZER_NONNULL = YES;
				CLANG_ANALYZER_NUMBER_OBJECT_CONVERSION = YES_AGGRESSIVE;
				CLANG_CXX_LANGUAGE_STANDARD = "gnu++17";
				CLANG_CXX_LIBRARY = "libc++";
				CLANG_ENABLE_MODULES = YES;
				CLANG_ENABLE_OBJC_ARC = YES;
				CLANG_ENABLE_OBJC_WEAK = YES;
				CLANG_WARN_BLOCK_CAPTURE_AUTORELEASING = YES;
				CLANG_WARN_BOOL_CONVERSION = YES;
				CLANG_WARN_COMMA = YES;
				CLANG_WARN_CONSTANT_CONVERSION = YES;
				CLANG_WARN_DEPRECATED_OBJC_IMPLEMENTATIONS = YES;
				CLANG_WARN_DIRECT_OBJC_ISA_USAGE = YES_ERROR;
				CLANG_WARN_DOCUMENTATION_COMMENTS = YES;
				CLANG_WARN_EMPTY_BODY = YES;
				CLANG_WARN_ENUM_CONVERSION = YES;
				CLANG_WARN_INFINITE_RECURSION = YES;
				CLANG_WARN_INT_CONVERSION = YES;
				CLANG_WARN_NON_LITERAL_NULL_CONVERSION = YES;
				CLANG_WARN_OBJC_IMPLICIT_RETAIN_SELF = YES;
				CLANG_WARN_OBJC_LITERAL_CONVERSION = YES;
				CLANG_WARN_OBJC_ROOT_CLASS = YES_ERROR;
				CLANG_WARN_QUOTED_INCLUDE_IN_FRAMEWORK_HEADER = YES;
				CLANG_WARN_RANGE_LOOP_ANALYSIS = YES;
				CLANG_WARN_STRICT_PROTOTYPES = YES;
				CLANG_WARN_SUSPICIOUS_MOVE = YES;
				CLANG_WARN_UNGUARDED_AVAILABILITY = YES_AGGRESSIVE;
				CLANG_WARN_UNREACHABLE_CODE = YES;
				CLANG_WARN__DUPLICATE_METHOD_MATCH = YES;
				COPY_PHASE_STRIP = NO;
				DEBUG_INFORMATION_FORMAT = dwarf;
				ENABLE_STRICT_OBJC_MSGSEND = YES;
				ENABLE_TESTABILITY = YES;
				GCC_C_LANGUAGE_STANDARD = gnu11;
				GCC_DYNAMIC_NO_PIC = NO;
				GCC_NO_COMMON_BLOCKS = YES;
				GCC_OPTIMIZATION_LEVEL = 0;
				GCC_PREPROCESSOR_DEFINITIONS = (
					"DEBUG=1",
					"$(inherited)",
				);
				GCC_WARN_64_TO_32_BIT_CONVERSION = YES;
				GCC_WARN_ABOUT_RETURN_TYPE = YES_ERROR;
				GCC_WARN_UNDECLARED_SELECTOR = YES;
				GCC_WARN_UNINITIALIZED_AUTOS = YES_AGGRESSIVE;
				GCC_WARN_UNUSED_FUNCTION = YES;
				GCC_WARN_UNUSED_VARIABLE = YES;
				IPHONEOS_DEPLOYMENT_TARGET = 15.2;
				MTL_ENABLE_DEBUG_INFO = INCLUDE_SOURCE;
				MTL_FAST_MATH = YES;
				ONLY_ACTIVE_ARCH = YES;
				SDKROOT = iphoneos;
				SWIFT_ACTIVE_COMPILATION_CONDITIONS = DEBUG;
				SWIFT_OPTIMIZATION_LEVEL = "-Onone";
			};
			name = Debug;
		};
		78B719482A9AF21300F3B8F5 /* Release */ = {
			isa = XCBuildConfiguration;
			buildSettings = {
				ALWAYS_SEARCH_USER_PATHS = NO;
				CLANG_ANALYZER_NONNULL = YES;
				CLANG_ANALYZER_NUMBER_OBJECT_CONVERSION = YES_AGGRESSIVE;
				CLANG_CXX_LANGUAGE_STANDARD = "gnu++17";
				CLANG_CXX_LIBRARY = "libc++";
				CLANG_ENABLE_MODULES = YES;
				CLANG_ENABLE_OBJC_ARC = YES;
				CLANG_ENABLE_OBJC_WEAK = YES;
				CLANG_WARN_BLOCK_CAPTURE_AUTORELEASING = YES;
				CLANG_WARN_BOOL_CONVERSION = YES;
				CLANG_WARN_COMMA = YES;
				CLANG_WARN_CONSTANT_CONVERSION = YES;
				CLANG_WARN_DEPRECATED_OBJC_IMPLEMENTATIONS = YES;
				CLANG_WARN_DIRECT_OBJC_ISA_USAGE = YES_ERROR;
				CLANG_WARN_DOCUMENTATION_COMMENTS = YES;
				CLANG_WARN_EMPTY_BODY = YES;
				CLANG_WARN_ENUM_CONVERSION = YES;
				CLANG_WARN_INFINITE_RECURSION = YES;
				CLANG_WARN_INT_CONVERSION = YES;
				CLANG_WARN_NON_LITERAL_NULL_CONVERSION = YES;
				CLANG_WARN_OBJC_IMPLICIT_RETAIN_SELF = YES;
				CLANG_WARN_OBJC_LITERAL_CONVERSION = YES;
				CLANG_WARN_OBJC_ROOT_CLASS = YES_ERROR;
				CLANG_WARN_QUOTED_INCLUDE_IN_FRAMEWORK_HEADER = YES;
				CLANG_WARN_RANGE_LOOP_ANALYSIS = YES;
				CLANG_WARN_STRICT_PROTOTYPES = YES;
				CLANG_WARN_SUSPICIOUS_MOVE = YES;
				CLANG_WARN_UNGUARDED_AVAILABILITY = YES_AGGRESSIVE;
				CLANG_WARN_UNREACHABLE_CODE = YES;
				CLANG_WARN__DUPLICATE_METHOD_MATCH = YES;
				COPY_PHASE_STRIP = NO;
				DEBUG_INFORMATION_FORMAT = "dwarf-with-dsym";
				ENABLE_NS_ASSERTIONS = NO;
				ENABLE_STRICT_OBJC_MSGSEND = YES;
				GCC_C_LANGUAGE_STANDARD = gnu11;
				GCC_NO_COMMON_BLOCKS = YES;
				GCC_WARN_64_TO_32_BIT_CONVERSION = YES;
				GCC_WARN_ABOUT_RETURN_TYPE = YES_ERROR;
				GCC_WARN_UNDECLARED_SELECTOR = YES;
				GCC_WARN_UNINITIALIZED_AUTOS = YES_AGGRESSIVE;
				GCC_WARN_UNUSED_FUNCTION = YES;
				GCC_WARN_UNUSED_VARIABLE = YES;
				IPHONEOS_DEPLOYMENT_TARGET = 15.2;
				MTL_ENABLE_DEBUG_INFO = NO;
				MTL_FAST_MATH = YES;
				SDKROOT = iphoneos;
				SWIFT_COMPILATION_MODE = wholemodule;
				SWIFT_OPTIMIZATION_LEVEL = "-O";
				VALIDATE_PRODUCT = YES;
			};
			name = Release;
		};
		78B7194A2A9AF21300F3B8F5 /* Debug */ = {
			isa = XCBuildConfiguration;
			buildSettings = {
				ASSETCATALOG_COMPILER_APPICON_NAME = AppIcon;
				ASSETCATALOG_COMPILER_GLOBAL_ACCENT_COLOR_NAME = AccentColor;
				CODE_SIGN_STYLE = Automatic;
				CURRENT_PROJECT_VERSION = 1;
				DEVELOPMENT_ASSET_PATHS = "\"BAMX Incidencias/Preview Content\"";
				DEVELOPMENT_TEAM = HXP3G8C5V3;
				ENABLE_PREVIEWS = YES;
				GENERATE_INFOPLIST_FILE = YES;
				INFOPLIST_KEY_UIApplicationSceneManifest_Generation = YES;
				INFOPLIST_KEY_UIApplicationSupportsIndirectInputEvents = YES;
				INFOPLIST_KEY_UILaunchScreen_Generation = YES;
				INFOPLIST_KEY_UIStatusBarStyle = "";
				INFOPLIST_KEY_UISupportedInterfaceOrientations_iPad = "UIInterfaceOrientationPortrait UIInterfaceOrientationPortraitUpsideDown UIInterfaceOrientationLandscapeLeft UIInterfaceOrientationLandscapeRight";
				INFOPLIST_KEY_UISupportedInterfaceOrientations_iPhone = "UIInterfaceOrientationPortrait UIInterfaceOrientationLandscapeLeft UIInterfaceOrientationLandscapeRight";
				IPHONEOS_DEPLOYMENT_TARGET = 16.4;
				LD_RUNPATH_SEARCH_PATHS = (
					"$(inherited)",
					"@executable_path/Frameworks",
				);
				MARKETING_VERSION = 1.0;
				PRODUCT_BUNDLE_IDENTIFIER = "com.team22.BAMX-Incidencias";
				PRODUCT_NAME = "$(TARGET_NAME)";
				SWIFT_EMIT_LOC_STRINGS = YES;
				SWIFT_VERSION = 5.0;
				TARGETED_DEVICE_FAMILY = "1,2";
			};
			name = Debug;
		};
		78B7194B2A9AF21300F3B8F5 /* Release */ = {
			isa = XCBuildConfiguration;
			buildSettings = {
				ASSETCATALOG_COMPILER_APPICON_NAME = AppIcon;
				ASSETCATALOG_COMPILER_GLOBAL_ACCENT_COLOR_NAME = AccentColor;
				CODE_SIGN_STYLE = Automatic;
				CURRENT_PROJECT_VERSION = 1;
				DEVELOPMENT_ASSET_PATHS = "\"BAMX Incidencias/Preview Content\"";
				DEVELOPMENT_TEAM = HXP3G8C5V3;
				ENABLE_PREVIEWS = YES;
				GENERATE_INFOPLIST_FILE = YES;
				INFOPLIST_KEY_UIApplicationSceneManifest_Generation = YES;
				INFOPLIST_KEY_UIApplicationSupportsIndirectInputEvents = YES;
				INFOPLIST_KEY_UILaunchScreen_Generation = YES;
				INFOPLIST_KEY_UIStatusBarStyle = "";
				INFOPLIST_KEY_UISupportedInterfaceOrientations_iPad = "UIInterfaceOrientationPortrait UIInterfaceOrientationPortraitUpsideDown UIInterfaceOrientationLandscapeLeft UIInterfaceOrientationLandscapeRight";
				INFOPLIST_KEY_UISupportedInterfaceOrientations_iPhone = "UIInterfaceOrientationPortrait UIInterfaceOrientationLandscapeLeft UIInterfaceOrientationLandscapeRight";
				IPHONEOS_DEPLOYMENT_TARGET = 16.4;
				LD_RUNPATH_SEARCH_PATHS = (
					"$(inherited)",
					"@executable_path/Frameworks",
				);
				MARKETING_VERSION = 1.0;
				PRODUCT_BUNDLE_IDENTIFIER = "com.team22.BAMX-Incidencias";
				PRODUCT_NAME = "$(TARGET_NAME)";
				SWIFT_EMIT_LOC_STRINGS = YES;
				SWIFT_VERSION = 5.0;
				TARGETED_DEVICE_FAMILY = "1,2";
			};
			name = Release;
		};
/* End XCBuildConfiguration section */

/* Begin XCConfigurationList section */
		78B719362A9AF21100F3B8F5 /* Build configuration list for PBXProject "BAMX Incidencias" */ = {
			isa = XCConfigurationList;
			buildConfigurations = (
				78B719472A9AF21300F3B8F5 /* Debug */,
				78B719482A9AF21300F3B8F5 /* Release */,
			);
			defaultConfigurationIsVisible = 0;
			defaultConfigurationName = Release;
		};
		78B719492A9AF21300F3B8F5 /* Build configuration list for PBXNativeTarget "BAMX Incidencias" */ = {
			isa = XCConfigurationList;
			buildConfigurations = (
				78B7194A2A9AF21300F3B8F5 /* Debug */,
				78B7194B2A9AF21300F3B8F5 /* Release */,
			);
			defaultConfigurationIsVisible = 0;
			defaultConfigurationName = Release;
		};
/* End XCConfigurationList section */
	};
	rootObject = 78B719332A9AF21100F3B8F5 /* Project object */;
}
